{
  "name": "Antigravity_test",
  "lockfileVersion": 3,
  "requires": true,
  "packages": {
    "": {
      "dependencies": {
        "remnote-mcp-bridge": "file:../remnote-mcp-bridge",
        "remnote-mcp-server": "file:../remnote-mcp-server"
      }
    },
    "../remnote-cli": {
      "version": "0.13.0",
      "extraneous": true,
      "license": "MIT",
      "dependencies": {
        "commander": "^14.0.3",
        "pino": "^10.3.1",
        "ws": "^8.20.0"
      },
      "bin": {
        "remnote-cli": "dist/index.js"
      },
      "devDependencies": {
        "@eslint/js": "^10.0.1",
        "@types/node": "^25.5.2",
        "@types/ws": "^8.18.1",
        "@typescript-eslint/eslint-plugin": "^8.58.1",
        "@typescript-eslint/parser": "^8.58.1",
        "@vitest/coverage-v8": "^4.1.3",
        "@vitest/ui": "^4.1.3",
        "eslint": "^10.2.0",
        "eslint-config-prettier": "^10.1.8",
        "pino-pretty": "^13.1.3",
        "prettier": "^3.8.1",
        "tsx": "^4.21.0",
        "typescript": "^6.0.2",
        "vitest": "^4.1.3"
      },
      "engines": {
        "node": ">=20.19.0"
      }
    },
    "../remnote-mcp-bridge": {
      "version": "0.16.0",
      "license": "MIT",
      "dependencies": {
        "@remnote/plugin-sdk": "0.0.46",
        "react": "^17.0.2",
        "react-dom": "^17.0.2"
      },
      "bin": {
        "remnote-mcp-bridge": "bin/remnote-mcp-bridge.js"
      },
      "devDependencies": {
        "@eslint/js": "^10.0.1",
        "@pmmmwh/react-refresh-webpack-plugin": "^0.6.2",
        "@tailwindcss/postcss": "^4.3.0",
        "@types/node": "^25.8.0",
        "@types/react": "^17.0.91",
        "@types/react-dom": "^17.0.26",
        "@typescript-eslint/eslint-plugin": "^8.59.3",
        "@typescript-eslint/parser": "^8.58.1",
        "@vitest/coverage-v8": "^4.1.6",
        "@vitest/ui": "^4.1.3",
        "autoprefixer": "^10.5.0",
        "bestzip": "^2.2.3",
        "concurrently": "^9.2.1",
        "copy-webpack-plugin": "^14.0.0",
        "cross-env": "^10.1.0",
        "css-loader": "^7.1.4",
        "esbuild-loader": "^4.4.3",
        "eslint": "^10.3.0",
        "eslint-config-prettier": "^10.1.8",
        "glob": "^13.0.6",
        "happy-dom": "^20.9.0",
        "html-webpack-plugin": "^5.6.7",
        "mini-css-extract-plugin": "^2.10.2",
        "postcss": "^8.5.12",
        "postcss-import": "^16.1.1",
        "postcss-loader": "^8.2.1",
        "prettier": "^3.8.3",
        "react-refresh": "^0.18.0",
        "shx": "^0.4.0",
        "style-loader": "^4.0.0",
        "tailwindcss": "^4.2.2",
        "ts-node": "^10.9.2",
        "typescript": "^6.0.3",
        "vitest": "^4.1.3",
        "webpack": "^5.106.2",
        "webpack-cli": "^7.0.2",
        "webpack-dev-server": "^5.2.4"
      },
      "engines": {
        "node": ">=20.19.0"
      }
    },
    "../remnote-mcp-server": {
      "version": "0.17.0",
      "license": "MIT",
      "dependencies": {
        "@modelcontextprotocol/sdk": "^1.29.0",
        "commander": "^15.0.0",
        "express": "^5.2.0",
        "pino": "^10.3.1",
        "ws": "^8.20.0",
        "zod": "^4.3.6"
      },
      "bin": {
        "remnote-cli": "dist/remnote-cli/index.js",
        "remnote-mcp-server": "dist/index.js",
        "remnote-mcp-stdio": "mcpb/remnote-local/server/index.js"
      },
      "devDependencies": {
        "@eslint/js": "^10.0.1",
        "@types/express": "^5.0.0",
        "@types/node": "^26.1.1",
        "@types/ws": "^8.18.1",
        "@typescript-eslint/eslint-plugin": "^8.58.1",
        "@typescript-eslint/parser": "^8.58.1",
        "@vitest/coverage-v8": "^4.1.3",
        "@vitest/ui": "^4.1.3",
        "eslint": "^10.2.0",
        "eslint-config-prettier": "^10.1.8",
        "pino-pretty": "^13.1.3",
        "prettier": "^3.8.1",
        "tsx": "^4.21.0",
        "typescript": "^6.0.2",
        "vitest": "^4.1.3"
      },
      "engines": {
        "node": ">=22.13.0"
      }
    },
    "node_modules/remnote-mcp-bridge": {
      "resolved": "../remnote-mcp-bridge",
      "link": true
    },
    "node_modules/remnote-mcp-server": {
      "resolved": "../remnote-mcp-server",
      "link": true
    }
  }
}
